auspice/ncov_ny_6m.json
auspice/ncov_ny_6m_tip-frequencies.json
results/ny_6m/ncov_with_accessions.json
results/ny_6m/tip-frequencies.json
results/ny_6m/ncov_with_accessions_root-sequence.json
results/ny_6m/tree.nwk
results/combined_metadata.tsv
results/ny_6m/branch_lengths.json
results/ny_6m/nt_muts.json
results/ny_6m/aa_muts.json
results/ny_6m/subclades.json
results/ny_6m/clades.json
results/ny_6m/recency.json
results/ny_6m/traits.json
results/ny_6m/aa_muts_explicit.json
results/ny_6m/distances.json
ny_profiles/ny/auspice_config.json
results/ny_6m/colors.tsv
defaults/lat_longs.tsv
defaults/description.md
results/ny_6m/tree_raw.nwk
results/ny_6m/aligned.fasta
results/combined_metadata.tsv
results/ny_6m/aligned.fasta
results/ny_6m/subsampled_sequences.fasta
defaults/annotation.gff
defaults/reference_seq.fasta
results/ny_6m/sample-ny-focus-recent.fasta
results/ny_6m/sample-usa-context-recent.fasta
results/ny_6m/sample-global-context-recent.fasta
results/ny_6m/sample-ny-focus-early.fasta
results/ny_6m/sample-usa-context-early.fasta
results/ny_6m/sample-global-context-early.fasta
results/combined_sequences_for_subsampling.fasta
results/combined_metadata.tsv
results/combined_sequence_index.tsv
defaults/include.txt
defaults/include.txt
defaults/exclude.txt
results/filtered_gisaid.fasta
results/filtered_ny.fasta
results/precomputed-masked_gisaid.fasta
data/downloaded_gisaid.tsv
defaults/include.txt
results/exclude_gisaid.txt
defaults/exclude.txt
results/precomputed-to-exclude_gisaid.txt
results/masked_ny.fasta
data/ny_metadata.tsv
defaults/include.txt
results/exclude_ny.txt
results/aligned_ny.fasta
data/ny_sequences.fasta
defaults/annotation.gff
defaults/reference_seq.fasta
defaults/exclude.txt
results/to-exclude_ny.txt
results/aligned_ny.fasta
data/ny_metadata.tsv
defaults/reference_seq.gb
data/downloaded_gisaid.tsv
data/ny_metadata.tsv
results/combined_sequences_for_subsampling.fasta
results/combined_sequences_for_subsampling.fasta
results/combined_metadata.tsv
results/combined_sequence_index.tsv
defaults/include.txt
defaults/include.txt
defaults/exclude.txt
results/combined_sequences_for_subsampling.fasta
results/combined_metadata.tsv
results/combined_sequence_index.tsv
defaults/include.txt
defaults/include.txt
defaults/exclude.txt
results/combined_sequences_for_subsampling.fasta
results/combined_metadata.tsv
results/combined_sequence_index.tsv
defaults/include.txt
defaults/include.txt
defaults/exclude.txt
results/combined_sequences_for_subsampling.fasta
results/combined_metadata.tsv
results/combined_sequence_index.tsv
defaults/include.txt
defaults/include.txt
defaults/exclude.txt
results/combined_sequences_for_subsampling.fasta
results/combined_metadata.tsv
results/combined_sequence_index.tsv
defaults/include.txt
defaults/include.txt
defaults/exclude.txt
results/ny_6m/tree.nwk
results/ny_6m/aligned.fasta
results/ny_6m/tree.nwk
results/ny_6m/nt_muts.json
defaults/reference_seq.gb
results/ny_6m/temp_subclades.json
results/ny_6m/tree.nwk
results/ny_6m/aa_muts.json
results/ny_6m/nt_muts.json
defaults/subclades.tsv
defaults/clades.tsv
results/ny_6m/tree.nwk
results/ny_6m/aa_muts.json
results/ny_6m/nt_muts.json
results/ny_6m/clades.tsv
defaults/clades.tsv
results/combined_metadata.tsv
results/ny_6m/tree.nwk
results/combined_metadata.tsv
results/ny_6m/tree.nwk
results/ny_6m/translations/aligned.gene.ORF1a.fasta
results/ny_6m/translations/aligned.gene.ORF1b.fasta
results/ny_6m/translations/aligned.gene.S.fasta
results/ny_6m/translations/aligned.gene.ORF3a.fasta
results/ny_6m/translations/aligned.gene.M.fasta
results/ny_6m/translations/aligned.gene.N.fasta
results/ny_6m/tree.nwk
results/ny_6m/translations/aligned.gene.S_withInternalNodes.fasta
defaults/distance_maps/S1.json
defaults/color_ordering.tsv
defaults/color_schemes.tsv
results/combined_metadata.tsv
results/ny_6m/tree.nwk
results/combined_metadata.tsv
