results/ny_6m/subclades.json
results/ny_6m/colors.tsv
results/ny_6m/aligned.fasta
results/ny_6m/insertions.tsv
results/ny_6m/translations/aligned.gene.ORF1a.fasta
results/ny_6m/translations/aligned.gene.ORF1b.fasta
results/ny_6m/translations/aligned.gene.S.fasta
results/ny_6m/translations/aligned.gene.ORF3a.fasta
results/ny_6m/translations/aligned.gene.M.fasta
results/ny_6m/translations/aligned.gene.N.fasta
results/precomputed-masked_gisaid.fasta
results/sequence-diagnostics_ny.tsv
results/flagged-sequences_ny.tsv
results/to-exclude_ny.txt
results/ny_6m/tip-frequencies.json
auspice/ncov_ny_6m.json
auspice/ncov_ny_6m_tip-frequencies.json
auspice/ncov_ny_6m_root-sequence.json
results/combined_metadata.tsv
results/ny_6m/nt_muts.json
results/ny_6m/temp_subclades.json
data/downloaded_gisaid.tsv
results/ny_6m/aa_muts.json
results/ny_6m/clades.json
results/ny_6m/subsampled_sequences.fasta
results/combined_sequence_index.tsv
results/exclude_gisaid.txt
results/ny_6m/sample-ny-focus-recent.fasta
results/ny_6m/sample-global-context-recent.fasta
results/ny_6m/clades.tsv
results/precomputed-sequence-diagnostics_gisaid.tsv
results/precomputed-flagged-sequences_gisaid.tsv
results/precomputed-to-exclude_gisaid.txt
results/ny_6m/ncov_with_accessions.json
results/ny_6m/ncov_with_accessions_root-sequence.json
results/ny_6m/recency.json
results/ny_6m/sample-usa-context-recent.fasta
results/ny_6m/sample-ny-focus-early.fasta
results/filtered_ny.fasta
results/ny_6m/tree.nwk
results/ny_6m/branch_lengths.json
results/ny_6m/traits.json
results/ny_6m/sample-usa-context-early.fasta
results/combined_sequences_for_subsampling.fasta
results/masked_ny.fasta
results/ny_6m/aa_muts_explicit.json
results/ny_6m/translations/aligned.gene.ORF1a_withInternalNodes.fasta
results/ny_6m/translations/aligned.gene.ORF1b_withInternalNodes.fasta
results/ny_6m/translations/aligned.gene.S_withInternalNodes.fasta
results/ny_6m/translations/aligned.gene.ORF3a_withInternalNodes.fasta
results/ny_6m/translations/aligned.gene.M_withInternalNodes.fasta
results/ny_6m/translations/aligned.gene.N_withInternalNodes.fasta
results/ny_6m/tree_raw.nwk
results/ny_6m/sample-global-context-early.fasta
results/filtered_gisaid.fasta
results/aligned_ny.fasta
results/insertions_ny.tsv
results/translations/seqs_ny.gene.ORF1a.fasta
results/translations/seqs_ny.gene.ORF1b.fasta
results/translations/seqs_ny.gene.S.fasta
results/translations/seqs_ny.gene.ORF3a.fasta
results/translations/seqs_ny.gene.M.fasta
results/translations/seqs_ny.gene.N.fasta
results/ny_6m/distances.json
results/exclude_ny.txt
